
Microsoft Visual Studio Solution File, Format Version 12.00
# Visual Studio Version 17
VisualStudioVersion = 17.5.002.0
MinimumVisualStudioVersion = 10.0.40219.1
Project("{9A19103F-16F7-4668-BE54-9A1E7A4F7556}") = "AuthSDK", "AuthSDK.csproj", "{20F35897-6033-4B1D-9C88-9C579E9FAB1F}"
EndProject
Global
	GlobalSection(SolutionConfigurationPlatforms) = preSolution
		Debug|Any CPU = Debug|Any CPU
		Release|Any CPU = Release|Any CPU
	EndGlobalSection
	GlobalSection(ProjectConfigurationPlatforms) = postSolution
		{20F35897-6033-4B1D-9C88-9C579E9FAB1F}.Debug|Any CPU.ActiveCfg = Debug|Any CPU
		{20F35897-6033-4B1D-9C88-9C579E9FAB1F}.Debug|Any CPU.Build.0 = Debug|Any CPU
		{20F35897-6033-4B1D-9C88-9C579E9FAB1F}.Release|Any CPU.ActiveCfg = Release|Any CPU
		{20F35897-6033-4B1D-9C88-9C579E9FAB1F}.Release|Any CPU.Build.0 = Release|Any CPU
	EndGlobalSection
	GlobalSection(SolutionProperties) = preSolution
		HideSolutionNode = FALSE
	EndGlobalSection
	GlobalSection(ExtensibilityGlobals) = postSolution
		SolutionGuid = {D7469957-0BE6-4B84-8C81-BAF19CB306D3}
	EndGlobalSection
EndGlobal
