
Microsoft Visual Studio Solution File, Format Version 12.00
# Visual Studio Version 17
VisualStudioVersion = 17.5.002.0
MinimumVisualStudioVersion = 10.0.40219.1
Project("{9A19103F-16F7-4668-BE54-9A1E7A4F7556}") = "AuthService", "AuthService.csproj", "{9FB65F20-BEC0-4AE2-84BF-B6727D5A7DC3}"
EndProject
Global
	GlobalSection(SolutionConfigurationPlatforms) = preSolution
		Debug|Any CPU = Debug|Any CPU
		Release|Any CPU = Release|Any CPU
	EndGlobalSection
	GlobalSection(ProjectConfigurationPlatforms) = postSolution
		{9FB65F20-BEC0-4AE2-84BF-B6727D5A7DC3}.Debug|Any CPU.ActiveCfg = Debug|Any CPU
		{9FB65F20-BEC0-4AE2-84BF-B6727D5A7DC3}.Debug|Any CPU.Build.0 = Debug|Any CPU
		{9FB65F20-BEC0-4AE2-84BF-B6727D5A7DC3}.Release|Any CPU.ActiveCfg = Release|Any CPU
		{9FB65F20-BEC0-4AE2-84BF-B6727D5A7DC3}.Release|Any CPU.Build.0 = Release|Any CPU
	EndGlobalSection
	GlobalSection(SolutionProperties) = preSolution
		HideSolutionNode = FALSE
	EndGlobalSection
	GlobalSection(ExtensibilityGlobals) = postSolution
		SolutionGuid = {B13A56E0-727C-4C3C-A079-F4B96D4FF027}
	EndGlobalSection
EndGlobal
